
Microsoft Visual Studio Solution File, Format Version 12.00
# Visual Studio Version 17
VisualStudioVersion = 17.10.34928.147
MinimumVisualStudioVersion = 10.0.40219.1
Project("{888888A0-9F3D-457C-B088-3A5042F75D52}") = "Decompression_ALGO", "Decompression_ALGO.pyproj", "{5B43E00D-ACE6-48B3-A183-6227E8B53861}"
EndProject
Global
	GlobalSection(SolutionConfigurationPlatforms) = preSolution
		Debug|Any CPU = Debug|Any CPU
		Release|Any CPU = Release|Any CPU
	EndGlobalSection
	GlobalSection(ProjectConfigurationPlatforms) = postSolution
		{5B43E00D-ACE6-48B3-A183-6227E8B53861}.Debug|Any CPU.ActiveCfg = Debug|Any CPU
		{5B43E00D-ACE6-48B3-A183-6227E8B53861}.Release|Any CPU.ActiveCfg = Release|Any CPU
	EndGlobalSection
	GlobalSection(SolutionProperties) = preSolution
		HideSolutionNode = FALSE
	EndGlobalSection
	GlobalSection(ExtensibilityGlobals) = postSolution
		SolutionGuid = {3D6B0EB9-6D7C-419D-A92E-20D05F218A20}
	EndGlobalSection
EndGlobal
